
Microsoft Visual Studio Solution File, Format Version 12.00
# Visual Studio Version 16
VisualStudioVersion = 16.0.32106.194
MinimumVisualStudioVersion = 10.0.40219.1
Project("{FAE04EC0-301F-11D3-BF4B-00C04F79EFBC}") = "ConsoleDependencyInjectionApp", "ConsoleDependencyInjectionApp\ConsoleDependencyInjectionApp.csproj", "{A834889F-DD03-4935-9722-DF2FEEC49490}"
EndProject
Global
	GlobalSection(SolutionConfigurationPlatforms) = preSolution
		Debug|Any CPU = Debug|Any CPU
		Release|Any CPU = Release|Any CPU
	EndGlobalSection
	GlobalSection(ProjectConfigurationPlatforms) = postSolution
		{A834889F-DD03-4935-9722-DF2FEEC49490}.Debug|Any CPU.ActiveCfg = Debug|Any CPU
		{A834889F-DD03-4935-9722-DF2FEEC49490}.Debug|Any CPU.Build.0 = Debug|Any CPU
		{A834889F-DD03-4935-9722-DF2FEEC49490}.Release|Any CPU.ActiveCfg = Release|Any CPU
		{A834889F-DD03-4935-9722-DF2FEEC49490}.Release|Any CPU.Build.0 = Release|Any CPU
	EndGlobalSection
	GlobalSection(SolutionProperties) = preSolution
		HideSolutionNode = FALSE
	EndGlobalSection
	GlobalSection(ExtensibilityGlobals) = postSolution
		SolutionGuid = {B3514727-0BC0-4D4E-9EA5-FA87D54B6B3D}
	EndGlobalSection
EndGlobal
